
Microsoft Visual Studio Solution File, Format Version 12.00
Project("{2150E333-8FDC-42A3-9474-1A3956D46DE8}") = "BMS.Presentation", "BMS.Presentation", "{242AA784-6D13-4000-BC11-D252005D1776}"
EndProject
Project("{2150E333-8FDC-42A3-9474-1A3956D46DE8}") = "BMS.Core", "BMS.Core", "{944DB84B-D277-4F44-AE26-7A4A63A5B85F}"
EndProject
Project("{2150E333-8FDC-42A3-9474-1A3956D46DE8}") = "BMS.Infrastructure", "BMS.Infrastructure", "{25898291-2E79-4659-BE82-2BDA5A42C87C}"
EndProject
Project("{2150E333-8FDC-42A3-9474-1A3956D46DE8}") = "BMS.Common", "BMS.Common", "{11BF9BFE-1459-4F3B-8DED-F2CBE456EFC5}"
EndProject
Project("{FAE04EC0-301F-11D3-BF4B-00C04F79EFBC}") = "BMS.API", "BMS.API\BMS.API.csproj", "{928996B8-CAB3-4C51-9473-27F9330D7A7B}"
EndProject
Project("{FAE04EC0-301F-11D3-BF4B-00C04F79EFBC}") = "BMS.Domain", "BMS.Domain\BMS.Domain.csproj", "{B35AECAB-0B90-4E89-8C2D-BD49FA60D041}"
EndProject
Project("{FAE04EC0-301F-11D3-BF4B-00C04F79EFBC}") = "BMS.Persistence", "BMS.Persistence\BMS.Persistence.csproj", "{37C9D3D6-84D9-451E-8DC3-4E27C1F0B765}"
EndProject
Project("{FAE04EC0-301F-11D3-BF4B-00C04F79EFBC}") = "BMS.Application", "BMS.Application\BMS.Application.csproj", "{8EC494DD-31D0-41A4-8627-D8656FB0EAC7}"
EndProject
Project("{FAE04EC0-301F-11D3-BF4B-00C04F79EFBC}") = "BMS.Common", "BMS.Common\BMS.Common.csproj", "{E53E4D73-5F1B-47B6-BCC7-355DE104B853}"
EndProject
Project("{FAE04EC0-301F-11D3-BF4B-00C04F79EFBC}") = "BMS.Infrastructure", "BMS.Infrastructure\BMS.Infrastructure.csproj", "{ABED95A7-D75D-46CE-8FE2-7DB7670EAB72}"
EndProject
Global
	GlobalSection(SolutionConfigurationPlatforms) = preSolution
		Debug|Any CPU = Debug|Any CPU
		Release|Any CPU = Release|Any CPU
	EndGlobalSection
	GlobalSection(NestedProjects) = preSolution
		{928996B8-CAB3-4C51-9473-27F9330D7A7B} = {242AA784-6D13-4000-BC11-D252005D1776}
		{B35AECAB-0B90-4E89-8C2D-BD49FA60D041} = {944DB84B-D277-4F44-AE26-7A4A63A5B85F}
		{37C9D3D6-84D9-451E-8DC3-4E27C1F0B765} = {25898291-2E79-4659-BE82-2BDA5A42C87C}
		{8EC494DD-31D0-41A4-8627-D8656FB0EAC7} = {944DB84B-D277-4F44-AE26-7A4A63A5B85F}
		{E53E4D73-5F1B-47B6-BCC7-355DE104B853} = {11BF9BFE-1459-4F3B-8DED-F2CBE456EFC5}
		{ABED95A7-D75D-46CE-8FE2-7DB7670EAB72} = {25898291-2E79-4659-BE82-2BDA5A42C87C}
	EndGlobalSection
	GlobalSection(ProjectConfigurationPlatforms) = postSolution
		{928996B8-CAB3-4C51-9473-27F9330D7A7B}.Debug|Any CPU.ActiveCfg = Debug|Any CPU
		{928996B8-CAB3-4C51-9473-27F9330D7A7B}.Debug|Any CPU.Build.0 = Debug|Any CPU
		{928996B8-CAB3-4C51-9473-27F9330D7A7B}.Release|Any CPU.ActiveCfg = Release|Any CPU
		{928996B8-CAB3-4C51-9473-27F9330D7A7B}.Release|Any CPU.Build.0 = Release|Any CPU
		{B35AECAB-0B90-4E89-8C2D-BD49FA60D041}.Debug|Any CPU.ActiveCfg = Debug|Any CPU
		{B35AECAB-0B90-4E89-8C2D-BD49FA60D041}.Debug|Any CPU.Build.0 = Debug|Any CPU
		{B35AECAB-0B90-4E89-8C2D-BD49FA60D041}.Release|Any CPU.ActiveCfg = Release|Any CPU
		{B35AECAB-0B90-4E89-8C2D-BD49FA60D041}.Release|Any CPU.Build.0 = Release|Any CPU
		{37C9D3D6-84D9-451E-8DC3-4E27C1F0B765}.Debug|Any CPU.ActiveCfg = Debug|Any CPU
		{37C9D3D6-84D9-451E-8DC3-4E27C1F0B765}.Debug|Any CPU.Build.0 = Debug|Any CPU
		{37C9D3D6-84D9-451E-8DC3-4E27C1F0B765}.Release|Any CPU.ActiveCfg = Release|Any CPU
		{37C9D3D6-84D9-451E-8DC3-4E27C1F0B765}.Release|Any CPU.Build.0 = Release|Any CPU
		{8EC494DD-31D0-41A4-8627-D8656FB0EAC7}.Debug|Any CPU.ActiveCfg = Debug|Any CPU
		{8EC494DD-31D0-41A4-8627-D8656FB0EAC7}.Debug|Any CPU.Build.0 = Debug|Any CPU
		{8EC494DD-31D0-41A4-8627-D8656FB0EAC7}.Release|Any CPU.ActiveCfg = Release|Any CPU
		{8EC494DD-31D0-41A4-8627-D8656FB0EAC7}.Release|Any CPU.Build.0 = Release|Any CPU
		{E53E4D73-5F1B-47B6-BCC7-355DE104B853}.Debug|Any CPU.ActiveCfg = Debug|Any CPU
		{E53E4D73-5F1B-47B6-BCC7-355DE104B853}.Debug|Any CPU.Build.0 = Debug|Any CPU
		{E53E4D73-5F1B-47B6-BCC7-355DE104B853}.Release|Any CPU.ActiveCfg = Release|Any CPU
		{E53E4D73-5F1B-47B6-BCC7-355DE104B853}.Release|Any CPU.Build.0 = Release|Any CPU
		{ABED95A7-D75D-46CE-8FE2-7DB7670EAB72}.Debug|Any CPU.ActiveCfg = Debug|Any CPU
		{ABED95A7-D75D-46CE-8FE2-7DB7670EAB72}.Debug|Any CPU.Build.0 = Debug|Any CPU
		{ABED95A7-D75D-46CE-8FE2-7DB7670EAB72}.Release|Any CPU.ActiveCfg = Release|Any CPU
		{ABED95A7-D75D-46CE-8FE2-7DB7670EAB72}.Release|Any CPU.Build.0 = Release|Any CPU
	EndGlobalSection
EndGlobal
