
Microsoft Visual Studio Solution File, Format Version 12.00
Project("{2150E333-8FDC-42A3-9474-1A3956D46DE8}") = "AMS.Core", "AMS.Core", "{A257A64F-5DC9-4101-B27B-9F70CEF1A777}"
EndProject
Project("{2150E333-8FDC-42A3-9474-1A3956D46DE8}") = "AMS.Presentation", "AMS.Presentation", "{5E6D9A8A-81F1-4123-ABD7-0DC9B94DE0A8}"
EndProject
Project("{2150E333-8FDC-42A3-9474-1A3956D46DE8}") = "AMS.Infrastructure", "AMS.Infrastructure", "{DFB83AA5-8F5E-4C8B-956B-90235E182095}"
EndProject
Project("{2150E333-8FDC-42A3-9474-1A3956D46DE8}") = "AMS.Common", "AMS.Common", "{6A9604BC-5ECB-4291-B828-FD54E92AA9EA}"
EndProject
Project("{FAE04EC0-301F-11D3-BF4B-00C04F79EFBC}") = "AMS.API", "AMS.API\AMS.API.csproj", "{04737CE3-9EAE-4658-AC3F-D162212CFD18}"
EndProject
Project("{FAE04EC0-301F-11D3-BF4B-00C04F79EFBC}") = "AMS.Persistence", "AMS.Persistence\AMS.Persistence.csproj", "{E7A4B137-7C8D-4D0C-8243-5500E27045D5}"
EndProject
Project("{FAE04EC0-301F-11D3-BF4B-00C04F79EFBC}") = "AMS.Domain", "AMS.Domain\AMS.Domain.csproj", "{46AAC855-472E-446D-A114-F581CF7AB44E}"
EndProject
Project("{FAE04EC0-301F-11D3-BF4B-00C04F79EFBC}") = "AMS.Application", "AMS.Application\AMS.Application.csproj", "{D614F9FD-BB55-4CC9-93F0-87F6A3D8A6E4}"
EndProject
Project("{FAE04EC0-301F-11D3-BF4B-00C04F79EFBC}") = "AMS.Common", "AMS.Common\AMS.Common.csproj", "{883D1205-0F46-4E51-A2D0-E64A8C9E9593}"
EndProject
Project("{FAE04EC0-301F-11D3-BF4B-00C04F79EFBC}") = "AMS.Infrastructure", "AMS.Infrastructure\AMS.Infrastructure.csproj", "{6DD2EB0F-350C-4F0C-A29A-C945887306CA}"
EndProject
Global
	GlobalSection(SolutionConfigurationPlatforms) = preSolution
		Debug|Any CPU = Debug|Any CPU
		Release|Any CPU = Release|Any CPU
	EndGlobalSection
	GlobalSection(NestedProjects) = preSolution
		{04737CE3-9EAE-4658-AC3F-D162212CFD18} = {5E6D9A8A-81F1-4123-ABD7-0DC9B94DE0A8}
		{E7A4B137-7C8D-4D0C-8243-5500E27045D5} = {DFB83AA5-8F5E-4C8B-956B-90235E182095}
		{46AAC855-472E-446D-A114-F581CF7AB44E} = {A257A64F-5DC9-4101-B27B-9F70CEF1A777}
		{D614F9FD-BB55-4CC9-93F0-87F6A3D8A6E4} = {A257A64F-5DC9-4101-B27B-9F70CEF1A777}
		{883D1205-0F46-4E51-A2D0-E64A8C9E9593} = {6A9604BC-5ECB-4291-B828-FD54E92AA9EA}
		{6DD2EB0F-350C-4F0C-A29A-C945887306CA} = {DFB83AA5-8F5E-4C8B-956B-90235E182095}
	EndGlobalSection
	GlobalSection(ProjectConfigurationPlatforms) = postSolution
		{04737CE3-9EAE-4658-AC3F-D162212CFD18}.Debug|Any CPU.ActiveCfg = Debug|Any CPU
		{04737CE3-9EAE-4658-AC3F-D162212CFD18}.Debug|Any CPU.Build.0 = Debug|Any CPU
		{04737CE3-9EAE-4658-AC3F-D162212CFD18}.Release|Any CPU.ActiveCfg = Release|Any CPU
		{04737CE3-9EAE-4658-AC3F-D162212CFD18}.Release|Any CPU.Build.0 = Release|Any CPU
		{E7A4B137-7C8D-4D0C-8243-5500E27045D5}.Debug|Any CPU.ActiveCfg = Debug|Any CPU
		{E7A4B137-7C8D-4D0C-8243-5500E27045D5}.Debug|Any CPU.Build.0 = Debug|Any CPU
		{E7A4B137-7C8D-4D0C-8243-5500E27045D5}.Release|Any CPU.ActiveCfg = Release|Any CPU
		{E7A4B137-7C8D-4D0C-8243-5500E27045D5}.Release|Any CPU.Build.0 = Release|Any CPU
		{46AAC855-472E-446D-A114-F581CF7AB44E}.Debug|Any CPU.ActiveCfg = Debug|Any CPU
		{46AAC855-472E-446D-A114-F581CF7AB44E}.Debug|Any CPU.Build.0 = Debug|Any CPU
		{46AAC855-472E-446D-A114-F581CF7AB44E}.Release|Any CPU.ActiveCfg = Release|Any CPU
		{46AAC855-472E-446D-A114-F581CF7AB44E}.Release|Any CPU.Build.0 = Release|Any CPU
		{D614F9FD-BB55-4CC9-93F0-87F6A3D8A6E4}.Debug|Any CPU.ActiveCfg = Debug|Any CPU
		{D614F9FD-BB55-4CC9-93F0-87F6A3D8A6E4}.Debug|Any CPU.Build.0 = Debug|Any CPU
		{D614F9FD-BB55-4CC9-93F0-87F6A3D8A6E4}.Release|Any CPU.ActiveCfg = Release|Any CPU
		{D614F9FD-BB55-4CC9-93F0-87F6A3D8A6E4}.Release|Any CPU.Build.0 = Release|Any CPU
		{883D1205-0F46-4E51-A2D0-E64A8C9E9593}.Debug|Any CPU.ActiveCfg = Debug|Any CPU
		{883D1205-0F46-4E51-A2D0-E64A8C9E9593}.Debug|Any CPU.Build.0 = Debug|Any CPU
		{883D1205-0F46-4E51-A2D0-E64A8C9E9593}.Release|Any CPU.ActiveCfg = Release|Any CPU
		{883D1205-0F46-4E51-A2D0-E64A8C9E9593}.Release|Any CPU.Build.0 = Release|Any CPU
		{6DD2EB0F-350C-4F0C-A29A-C945887306CA}.Debug|Any CPU.ActiveCfg = Debug|Any CPU
		{6DD2EB0F-350C-4F0C-A29A-C945887306CA}.Debug|Any CPU.Build.0 = Debug|Any CPU
		{6DD2EB0F-350C-4F0C-A29A-C945887306CA}.Release|Any CPU.ActiveCfg = Release|Any CPU
		{6DD2EB0F-350C-4F0C-A29A-C945887306CA}.Release|Any CPU.Build.0 = Release|Any CPU
	EndGlobalSection
EndGlobal
