
Microsoft Visual Studio Solution File, Format Version 12.00
Project("{2150E333-8FDC-42A3-9474-1A3956D46DE8}") = "TMS.Core", "TMS.Core", "{1C8A72A9-B1E8-4FD1-8CE3-92C564C871B1}"
EndProject
Project("{2150E333-8FDC-42A3-9474-1A3956D46DE8}") = "TMS.Presentation", "TMS.Presentation", "{91DBA214-B9D4-42CA-920F-D2764D54F6C1}"
EndProject
Project("{2150E333-8FDC-42A3-9474-1A3956D46DE8}") = "TMS.Infrastructure", "TMS.Infrastructure", "{F70285D8-B12A-4F96-B76C-A574866C8501}"
EndProject
Project("{2150E333-8FDC-42A3-9474-1A3956D46DE8}") = "TMS.Common", "TMS.Common", "{DF62630A-9A8B-44EA-86D9-AADBDA6142F5}"
EndProject
Project("{FAE04EC0-301F-11D3-BF4B-00C04F79EFBC}") = "TMS.API", "TMS.API\TMS.API.csproj", "{1029A917-36B1-46EF-B712-4232885C0164}"
EndProject
Project("{FAE04EC0-301F-11D3-BF4B-00C04F79EFBC}") = "TMS.Persistence", "TMS.Persistence\TMS.Persistence.csproj", "{5A579530-3EA9-48E5-BEE8-CA14F76BB878}"
EndProject
Project("{FAE04EC0-301F-11D3-BF4B-00C04F79EFBC}") = "TMS.Infrastructure", "TMS.Infrastructure\TMS.Infrastructure.csproj", "{95A1D61E-BA1C-4D5A-95C2-DDE5D9C40740}"
EndProject
Project("{FAE04EC0-301F-11D3-BF4B-00C04F79EFBC}") = "TMS.Application", "TMS.Application\TMS.Application.csproj", "{1235C67F-0CEB-4A59-B98D-BFEBDC3CF07B}"
EndProject
Project("{FAE04EC0-301F-11D3-BF4B-00C04F79EFBC}") = "TMS.Domain", "TMS.Domain\TMS.Domain.csproj", "{AAFB3FF2-174A-42A8-BF7F-D4D8BD0700E1}"
EndProject
Project("{FAE04EC0-301F-11D3-BF4B-00C04F79EFBC}") = "TMS.Common", "TMS.Common\TMS.Common.csproj", "{4663D5CB-D58C-4760-986F-334D1E89A5CD}"
EndProject
Global
	GlobalSection(SolutionConfigurationPlatforms) = preSolution
		Debug|Any CPU = Debug|Any CPU
		Release|Any CPU = Release|Any CPU
	EndGlobalSection
	GlobalSection(NestedProjects) = preSolution
		{1029A917-36B1-46EF-B712-4232885C0164} = {91DBA214-B9D4-42CA-920F-D2764D54F6C1}
		{5A579530-3EA9-48E5-BEE8-CA14F76BB878} = {F70285D8-B12A-4F96-B76C-A574866C8501}
		{95A1D61E-BA1C-4D5A-95C2-DDE5D9C40740} = {F70285D8-B12A-4F96-B76C-A574866C8501}
		{1235C67F-0CEB-4A59-B98D-BFEBDC3CF07B} = {1C8A72A9-B1E8-4FD1-8CE3-92C564C871B1}
		{AAFB3FF2-174A-42A8-BF7F-D4D8BD0700E1} = {1C8A72A9-B1E8-4FD1-8CE3-92C564C871B1}
		{4663D5CB-D58C-4760-986F-334D1E89A5CD} = {DF62630A-9A8B-44EA-86D9-AADBDA6142F5}
	EndGlobalSection
	GlobalSection(ProjectConfigurationPlatforms) = postSolution
		{1029A917-36B1-46EF-B712-4232885C0164}.Debug|Any CPU.ActiveCfg = Debug|Any CPU
		{1029A917-36B1-46EF-B712-4232885C0164}.Debug|Any CPU.Build.0 = Debug|Any CPU
		{1029A917-36B1-46EF-B712-4232885C0164}.Release|Any CPU.ActiveCfg = Release|Any CPU
		{1029A917-36B1-46EF-B712-4232885C0164}.Release|Any CPU.Build.0 = Release|Any CPU
		{5A579530-3EA9-48E5-BEE8-CA14F76BB878}.Debug|Any CPU.ActiveCfg = Debug|Any CPU
		{5A579530-3EA9-48E5-BEE8-CA14F76BB878}.Debug|Any CPU.Build.0 = Debug|Any CPU
		{5A579530-3EA9-48E5-BEE8-CA14F76BB878}.Release|Any CPU.ActiveCfg = Release|Any CPU
		{5A579530-3EA9-48E5-BEE8-CA14F76BB878}.Release|Any CPU.Build.0 = Release|Any CPU
		{95A1D61E-BA1C-4D5A-95C2-DDE5D9C40740}.Debug|Any CPU.ActiveCfg = Debug|Any CPU
		{95A1D61E-BA1C-4D5A-95C2-DDE5D9C40740}.Debug|Any CPU.Build.0 = Debug|Any CPU
		{95A1D61E-BA1C-4D5A-95C2-DDE5D9C40740}.Release|Any CPU.ActiveCfg = Release|Any CPU
		{95A1D61E-BA1C-4D5A-95C2-DDE5D9C40740}.Release|Any CPU.Build.0 = Release|Any CPU
		{1235C67F-0CEB-4A59-B98D-BFEBDC3CF07B}.Debug|Any CPU.ActiveCfg = Debug|Any CPU
		{1235C67F-0CEB-4A59-B98D-BFEBDC3CF07B}.Debug|Any CPU.Build.0 = Debug|Any CPU
		{1235C67F-0CEB-4A59-B98D-BFEBDC3CF07B}.Release|Any CPU.ActiveCfg = Release|Any CPU
		{1235C67F-0CEB-4A59-B98D-BFEBDC3CF07B}.Release|Any CPU.Build.0 = Release|Any CPU
		{AAFB3FF2-174A-42A8-BF7F-D4D8BD0700E1}.Debug|Any CPU.ActiveCfg = Debug|Any CPU
		{AAFB3FF2-174A-42A8-BF7F-D4D8BD0700E1}.Debug|Any CPU.Build.0 = Debug|Any CPU
		{AAFB3FF2-174A-42A8-BF7F-D4D8BD0700E1}.Release|Any CPU.ActiveCfg = Release|Any CPU
		{AAFB3FF2-174A-42A8-BF7F-D4D8BD0700E1}.Release|Any CPU.Build.0 = Release|Any CPU
		{4663D5CB-D58C-4760-986F-334D1E89A5CD}.Debug|Any CPU.ActiveCfg = Debug|Any CPU
		{4663D5CB-D58C-4760-986F-334D1E89A5CD}.Debug|Any CPU.Build.0 = Debug|Any CPU
		{4663D5CB-D58C-4760-986F-334D1E89A5CD}.Release|Any CPU.ActiveCfg = Release|Any CPU
		{4663D5CB-D58C-4760-986F-334D1E89A5CD}.Release|Any CPU.Build.0 = Release|Any CPU
	EndGlobalSection
EndGlobal
